
Microsoft Visual Studio Solution File, Format Version 12.00
# Visual Studio 2013
VisualStudioVersion = 12.0.31101.0
MinimumVisualStudioVersion = 10.0.40219.1
Project("{FAE04EC0-301F-11D3-BF4B-00C04F79EFBC}") = "ModuleOneAssignment", "ModuleOneAssignment\ModuleOneAssignment.csproj", "{16212478-F6B4-460D-B6B3-50E9A74F6C5A}"
EndProject
Project("{FAE04EC0-301F-11D3-BF4B-00C04F79EFBC}") = "ModuleTwoAssignment", "ModuleTwoAssignment\ModuleTwoAssignment.csproj", "{9DFE97FB-3638-4F04-9D75-F40CCAE36E01}"
EndProject
Global
	GlobalSection(SolutionConfigurationPlatforms) = preSolution
		Debug|Any CPU = Debug|Any CPU
		Release|Any CPU = Release|Any CPU
	EndGlobalSection
	GlobalSection(ProjectConfigurationPlatforms) = postSolution
		{16212478-F6B4-460D-B6B3-50E9A74F6C5A}.Debug|Any CPU.ActiveCfg = Debug|Any CPU
		{16212478-F6B4-460D-B6B3-50E9A74F6C5A}.Debug|Any CPU.Build.0 = Debug|Any CPU
		{16212478-F6B4-460D-B6B3-50E9A74F6C5A}.Release|Any CPU.ActiveCfg = Release|Any CPU
		{16212478-F6B4-460D-B6B3-50E9A74F6C5A}.Release|Any CPU.Build.0 = Release|Any CPU
		{9DFE97FB-3638-4F04-9D75-F40CCAE36E01}.Debug|Any CPU.ActiveCfg = Debug|Any CPU
		{9DFE97FB-3638-4F04-9D75-F40CCAE36E01}.Debug|Any CPU.Build.0 = Debug|Any CPU
		{9DFE97FB-3638-4F04-9D75-F40CCAE36E01}.Release|Any CPU.ActiveCfg = Release|Any CPU
		{9DFE97FB-3638-4F04-9D75-F40CCAE36E01}.Release|Any CPU.Build.0 = Release|Any CPU
	EndGlobalSection
	GlobalSection(SolutionProperties) = preSolution
		HideSolutionNode = FALSE
	EndGlobalSection
EndGlobal
